
Microsoft Visual Studio Solution File, Format Version 12.00
# Visual Studio Version 16
VisualStudioVersion = 16.0.30128.74
MinimumVisualStudioVersion = 10.0.40219.1
Project("{9A19103F-16F7-4668-BE54-9A1E7A4F7556}") = "EmployeeAPI", "EmployeeAPI\EmployeeAPI.csproj", "{C7592895-AB5C-4F02-A260-19CFCC2D3F1C}"
EndProject
Project("{E53339B2-1760-4266-BCC7-CA923CBCF16C}") = "docker-compose", "docker-compose.dcproj", "{D2CB5AF1-8BE1-4E72-B034-B1837B234E13}"
EndProject
Global
	GlobalSection(SolutionConfigurationPlatforms) = preSolution
		Debug|Any CPU = Debug|Any CPU
		Release|Any CPU = Release|Any CPU
	EndGlobalSection
	GlobalSection(ProjectConfigurationPlatforms) = postSolution
		{C7592895-AB5C-4F02-A260-19CFCC2D3F1C}.Debug|Any CPU.ActiveCfg = Debug|Any CPU
		{C7592895-AB5C-4F02-A260-19CFCC2D3F1C}.Debug|Any CPU.Build.0 = Debug|Any CPU
		{C7592895-AB5C-4F02-A260-19CFCC2D3F1C}.Release|Any CPU.ActiveCfg = Release|Any CPU
		{C7592895-AB5C-4F02-A260-19CFCC2D3F1C}.Release|Any CPU.Build.0 = Release|Any CPU
		{D2CB5AF1-8BE1-4E72-B034-B1837B234E13}.Debug|Any CPU.ActiveCfg = Debug|Any CPU
		{D2CB5AF1-8BE1-4E72-B034-B1837B234E13}.Debug|Any CPU.Build.0 = Debug|Any CPU
		{D2CB5AF1-8BE1-4E72-B034-B1837B234E13}.Release|Any CPU.ActiveCfg = Release|Any CPU
		{D2CB5AF1-8BE1-4E72-B034-B1837B234E13}.Release|Any CPU.Build.0 = Release|Any CPU
	EndGlobalSection
	GlobalSection(SolutionProperties) = preSolution
		HideSolutionNode = FALSE
	EndGlobalSection
	GlobalSection(ExtensibilityGlobals) = postSolution
		SolutionGuid = {AAC3B046-7DC3-484A-B965-A35F6C7884B5}
	EndGlobalSection
EndGlobal
